
Microsoft Visual Studio Solution File, Format Version 12.00
# Visual Studio Version 17
VisualStudioVersion = 17.4.33213.308
MinimumVisualStudioVersion = 10.0.40219.1
Project("{FAE04EC0-301F-11D3-BF4B-00C04F79EFBC}") = "exam_30042023", "exam_30042023\exam_30042023.csproj", "{5D4AB557-A532-49BF-B2A4-851A2E2E1068}"
EndProject
Global
	GlobalSection(SolutionConfigurationPlatforms) = preSolution
		Debug|Any CPU = Debug|Any CPU
		Release|Any CPU = Release|Any CPU
	EndGlobalSection
	GlobalSection(ProjectConfigurationPlatforms) = postSolution
		{5D4AB557-A532-49BF-B2A4-851A2E2E1068}.Debug|Any CPU.ActiveCfg = Debug|Any CPU
		{5D4AB557-A532-49BF-B2A4-851A2E2E1068}.Debug|Any CPU.Build.0 = Debug|Any CPU
		{5D4AB557-A532-49BF-B2A4-851A2E2E1068}.Release|Any CPU.ActiveCfg = Release|Any CPU
		{5D4AB557-A532-49BF-B2A4-851A2E2E1068}.Release|Any CPU.Build.0 = Release|Any CPU
	EndGlobalSection
	GlobalSection(SolutionProperties) = preSolution
		HideSolutionNode = FALSE
	EndGlobalSection
	GlobalSection(ExtensibilityGlobals) = postSolution
		SolutionGuid = {06911FBB-89E6-4D10-AA0F-E6B0F6F07C15}
	EndGlobalSection
EndGlobal
